
Microsoft Visual Studio Solution File, Format Version 12.00
# Visual Studio Version 17
VisualStudioVersion = 17.9.34616.47
MinimumVisualStudioVersion = 10.0.40219.1
Project("{FAE04EC0-301F-11D3-BF4B-00C04F79EFBC}") = "ProjectEulerProblem0001", "ProjectEulerProblem0001\ProjectEulerProblem0001.csproj", "{163D3989-B3D9-403B-9F8C-503C10FA06EF}"
EndProject
Global
	GlobalSection(SolutionConfigurationPlatforms) = preSolution
		Debug|Any CPU = Debug|Any CPU
		Release|Any CPU = Release|Any CPU
	EndGlobalSection
	GlobalSection(ProjectConfigurationPlatforms) = postSolution
		{163D3989-B3D9-403B-9F8C-503C10FA06EF}.Debug|Any CPU.ActiveCfg = Debug|Any CPU
		{163D3989-B3D9-403B-9F8C-503C10FA06EF}.Debug|Any CPU.Build.0 = Debug|Any CPU
		{163D3989-B3D9-403B-9F8C-503C10FA06EF}.Release|Any CPU.ActiveCfg = Release|Any CPU
		{163D3989-B3D9-403B-9F8C-503C10FA06EF}.Release|Any CPU.Build.0 = Release|Any CPU
	EndGlobalSection
	GlobalSection(SolutionProperties) = preSolution
		HideSolutionNode = FALSE
	EndGlobalSection
	GlobalSection(ExtensibilityGlobals) = postSolution
		SolutionGuid = {BA70EAF5-C64A-4313-985C-CED3DDC3F539}
	EndGlobalSection
EndGlobal
